
Microsoft Visual Studio Solution File, Format Version 12.00
# Visual Studio Version 17
VisualStudioVersion = 17.13.35919.96 d17.13
MinimumVisualStudioVersion = 10.0.40219.1
Project("{FAE04EC0-301F-11D3-BF4B-00C04F79EFBC}") = "Newbee.API", "Newbee.API\Newbee.API.csproj", "{495319AF-7D08-4A36-B652-F2A5B33D8C03}"
EndProject
Project("{FAE04EC0-301F-11D3-BF4B-00C04F79EFBC}") = "Newbee.Entities", "..\Newbee.Entities\Newbee.Entities.csproj", "{1C7C9773-AB71-46BE-89C8-22A17062B29C}"
EndProject
Project("{FAE04EC0-301F-11D3-BF4B-00C04F79EFBC}") = "Newbee.DAL", "..\Newbee.DAL\Newbee.DAL.csproj", "{2D914168-1868-4230-8C18-B89A5693A26B}"
EndProject
Project("{FAE04EC0-301F-11D3-BF4B-00C04F79EFBC}") = "Newbee.BLL", "..\Newbee.BLL\Newbee.BLL.csproj", "{3EB9B0DD-0CBE-415B-9243-65ED56748796}"
EndProject
Project("{FAE04EC0-301F-11D3-BF4B-00C04F79EFBC}") = "Amazon.API", "..\Amazon.API\Amazon.API.csproj", "{09082BDE-F148-4F39-887A-C0D6D75E0E58}"
EndProject
Project("{FAE04EC0-301F-11D3-BF4B-00C04F79EFBC}") = "Bosta.API", "..\Bosta.API\Bosta.API.csproj", "{576CAB89-1DFF-4E4A-92ED-BA2A6C3CE686}"
EndProject
Global
	GlobalSection(SolutionConfigurationPlatforms) = preSolution
		Debug|Any CPU = Debug|Any CPU
		Release|Any CPU = Release|Any CPU
	EndGlobalSection
	GlobalSection(ProjectConfigurationPlatforms) = postSolution
		{495319AF-7D08-4A36-B652-F2A5B33D8C03}.Debug|Any CPU.ActiveCfg = Debug|Any CPU
		{495319AF-7D08-4A36-B652-F2A5B33D8C03}.Debug|Any CPU.Build.0 = Debug|Any CPU
		{495319AF-7D08-4A36-B652-F2A5B33D8C03}.Release|Any CPU.ActiveCfg = Release|Any CPU
		{495319AF-7D08-4A36-B652-F2A5B33D8C03}.Release|Any CPU.Build.0 = Release|Any CPU
		{1C7C9773-AB71-46BE-89C8-22A17062B29C}.Debug|Any CPU.ActiveCfg = Debug|Any CPU
		{1C7C9773-AB71-46BE-89C8-22A17062B29C}.Debug|Any CPU.Build.0 = Debug|Any CPU
		{1C7C9773-AB71-46BE-89C8-22A17062B29C}.Release|Any CPU.ActiveCfg = Release|Any CPU
		{1C7C9773-AB71-46BE-89C8-22A17062B29C}.Release|Any CPU.Build.0 = Release|Any CPU
		{2D914168-1868-4230-8C18-B89A5693A26B}.Debug|Any CPU.ActiveCfg = Debug|Any CPU
		{2D914168-1868-4230-8C18-B89A5693A26B}.Debug|Any CPU.Build.0 = Debug|Any CPU
		{2D914168-1868-4230-8C18-B89A5693A26B}.Release|Any CPU.ActiveCfg = Release|Any CPU
		{2D914168-1868-4230-8C18-B89A5693A26B}.Release|Any CPU.Build.0 = Release|Any CPU
		{3EB9B0DD-0CBE-415B-9243-65ED56748796}.Debug|Any CPU.ActiveCfg = Debug|Any CPU
		{3EB9B0DD-0CBE-415B-9243-65ED56748796}.Debug|Any CPU.Build.0 = Debug|Any CPU
		{3EB9B0DD-0CBE-415B-9243-65ED56748796}.Release|Any CPU.ActiveCfg = Release|Any CPU
		{3EB9B0DD-0CBE-415B-9243-65ED56748796}.Release|Any CPU.Build.0 = Release|Any CPU
		{09082BDE-F148-4F39-887A-C0D6D75E0E58}.Debug|Any CPU.ActiveCfg = Debug|Any CPU
		{09082BDE-F148-4F39-887A-C0D6D75E0E58}.Debug|Any CPU.Build.0 = Debug|Any CPU
		{09082BDE-F148-4F39-887A-C0D6D75E0E58}.Release|Any CPU.ActiveCfg = Release|Any CPU
		{09082BDE-F148-4F39-887A-C0D6D75E0E58}.Release|Any CPU.Build.0 = Release|Any CPU
		{576CAB89-1DFF-4E4A-92ED-BA2A6C3CE686}.Debug|Any CPU.ActiveCfg = Debug|Any CPU
		{576CAB89-1DFF-4E4A-92ED-BA2A6C3CE686}.Debug|Any CPU.Build.0 = Debug|Any CPU
		{576CAB89-1DFF-4E4A-92ED-BA2A6C3CE686}.Release|Any CPU.ActiveCfg = Release|Any CPU
		{576CAB89-1DFF-4E4A-92ED-BA2A6C3CE686}.Release|Any CPU.Build.0 = Release|Any CPU
	EndGlobalSection
	GlobalSection(SolutionProperties) = preSolution
		HideSolutionNode = FALSE
	EndGlobalSection
	GlobalSection(ExtensibilityGlobals) = postSolution
		SolutionGuid = {8D954527-8265-4453-9263-8D72F295816A}
	EndGlobalSection
EndGlobal
