
Microsoft Visual Studio Solution File, Format Version 12.00
# Visual Studio Version 17
VisualStudioVersion = 17.13.35919.96
MinimumVisualStudioVersion = 10.0.40219.1
Project("{FAE04EC0-301F-11D3-BF4B-00C04F79EFBC}") = "NOTE.Solutions.API", "NOTE.Solutions\NOTE.Solutions.API\NOTE.Solutions.API.csproj", "{FD89253B-BDAB-1908-3A8A-4949A38CE2CD}"
EndProject
Project("{FAE04EC0-301F-11D3-BF4B-00C04F79EFBC}") = "NOTE.Solutions.BLL", "NOTE.Solutions\NOTE.Solutions.BLL\NOTE.Solutions.BLL.csproj", "{9A6DF70E-6C60-FD26-B974-DA8E0885BE4A}"
EndProject
Project("{FAE04EC0-301F-11D3-BF4B-00C04F79EFBC}") = "NOTE.Solutions.DAL", "NOTE.Solutions\NOTE.Solutions.DAL\NOTE.Solutions.DAL.csproj", "{93B1D516-5647-FF79-4054-E61FD3C62307}"
EndProject
Project("{FAE04EC0-301F-11D3-BF4B-00C04F79EFBC}") = "NOTE.Solutions.Entities", "NOTE.Solutions\NOTE.Solutions.Entities\NOTE.Solutions.Entities.csproj", "{49E3AA6D-4E13-6F37-1A3E-15BC14CCD93F}"
EndProject
Project("{FAE04EC0-301F-11D3-BF4B-00C04F79EFBC}") = "ETA.Consume", "ETA.Consume\ETA.Consume.csproj", "{CD268752-B0DC-4A9D-8B69-2706CF21ECBE}"
EndProject
Global
	GlobalSection(SolutionConfigurationPlatforms) = preSolution
		Debug|Any CPU = Debug|Any CPU
		Release|Any CPU = Release|Any CPU
	EndGlobalSection
	GlobalSection(ProjectConfigurationPlatforms) = postSolution
		{FD89253B-BDAB-1908-3A8A-4949A38CE2CD}.Debug|Any CPU.ActiveCfg = Debug|Any CPU
		{FD89253B-BDAB-1908-3A8A-4949A38CE2CD}.Debug|Any CPU.Build.0 = Debug|Any CPU
		{FD89253B-BDAB-1908-3A8A-4949A38CE2CD}.Release|Any CPU.ActiveCfg = Release|Any CPU
		{FD89253B-BDAB-1908-3A8A-4949A38CE2CD}.Release|Any CPU.Build.0 = Release|Any CPU
		{9A6DF70E-6C60-FD26-B974-DA8E0885BE4A}.Debug|Any CPU.ActiveCfg = Debug|Any CPU
		{9A6DF70E-6C60-FD26-B974-DA8E0885BE4A}.Debug|Any CPU.Build.0 = Debug|Any CPU
		{9A6DF70E-6C60-FD26-B974-DA8E0885BE4A}.Release|Any CPU.ActiveCfg = Release|Any CPU
		{9A6DF70E-6C60-FD26-B974-DA8E0885BE4A}.Release|Any CPU.Build.0 = Release|Any CPU
		{93B1D516-5647-FF79-4054-E61FD3C62307}.Debug|Any CPU.ActiveCfg = Debug|Any CPU
		{93B1D516-5647-FF79-4054-E61FD3C62307}.Debug|Any CPU.Build.0 = Debug|Any CPU
		{93B1D516-5647-FF79-4054-E61FD3C62307}.Release|Any CPU.ActiveCfg = Release|Any CPU
		{93B1D516-5647-FF79-4054-E61FD3C62307}.Release|Any CPU.Build.0 = Release|Any CPU
		{49E3AA6D-4E13-6F37-1A3E-15BC14CCD93F}.Debug|Any CPU.ActiveCfg = Debug|Any CPU
		{49E3AA6D-4E13-6F37-1A3E-15BC14CCD93F}.Debug|Any CPU.Build.0 = Debug|Any CPU
		{49E3AA6D-4E13-6F37-1A3E-15BC14CCD93F}.Release|Any CPU.ActiveCfg = Release|Any CPU
		{49E3AA6D-4E13-6F37-1A3E-15BC14CCD93F}.Release|Any CPU.Build.0 = Release|Any CPU
		{CD268752-B0DC-4A9D-8B69-2706CF21ECBE}.Debug|Any CPU.ActiveCfg = Debug|Any CPU
		{CD268752-B0DC-4A9D-8B69-2706CF21ECBE}.Debug|Any CPU.Build.0 = Debug|Any CPU
		{CD268752-B0DC-4A9D-8B69-2706CF21ECBE}.Release|Any CPU.ActiveCfg = Release|Any CPU
		{CD268752-B0DC-4A9D-8B69-2706CF21ECBE}.Release|Any CPU.Build.0 = Release|Any CPU
	EndGlobalSection
	GlobalSection(SolutionProperties) = preSolution
		HideSolutionNode = FALSE
	EndGlobalSection
	GlobalSection(ExtensibilityGlobals) = postSolution
		SolutionGuid = {C8446974-6735-47DA-882B-9E2BA4A79347}
	EndGlobalSection
EndGlobal
